
Microsoft Visual Studio Solution File, Format Version 12.00
# Visual Studio Version 16
VisualStudioVersion = 16.0.31613.86
MinimumVisualStudioVersion = 10.0.40219.1
Project("{8BC9CEB8-8B4A-11D0-8D11-00A0C91BC942}") = "LLVMWindowsDriverTest", "LLVMWindowsDriverTest\LLVMWindowsDriverTest.vcxproj", "{DF60E11E-00AB-4BDD-BBBA-BCBFAE7D4088}"
EndProject
Global
	GlobalSection(SolutionConfigurationPlatforms) = preSolution
		Debug|ARM = Debug|ARM
		Debug|ARM64 = Debug|ARM64
		Debug|x64 = Debug|x64
		Debug|x86 = Debug|x86
		Release|ARM = Release|ARM
		Release|ARM64 = Release|ARM64
		Release|x64 = Release|x64
		Release|x86 = Release|x86
	EndGlobalSection
	GlobalSection(ProjectConfigurationPlatforms) = postSolution
		{DF60E11E-00AB-4BDD-BBBA-BCBFAE7D4088}.Debug|ARM.ActiveCfg = Debug|ARM
		{DF60E11E-00AB-4BDD-BBBA-BCBFAE7D4088}.Debug|ARM.Build.0 = Debug|ARM
		{DF60E11E-00AB-4BDD-BBBA-BCBFAE7D4088}.Debug|ARM.Deploy.0 = Debug|ARM
		{DF60E11E-00AB-4BDD-BBBA-BCBFAE7D4088}.Debug|ARM64.ActiveCfg = Debug|ARM64
		{DF60E11E-00AB-4BDD-BBBA-BCBFAE7D4088}.Debug|ARM64.Build.0 = Debug|ARM64
		{DF60E11E-00AB-4BDD-BBBA-BCBFAE7D4088}.Debug|ARM64.Deploy.0 = Debug|ARM64
		{DF60E11E-00AB-4BDD-BBBA-BCBFAE7D4088}.Debug|x64.ActiveCfg = Debug|x64
		{DF60E11E-00AB-4BDD-BBBA-BCBFAE7D4088}.Debug|x64.Build.0 = Debug|x64
		{DF60E11E-00AB-4BDD-BBBA-BCBFAE7D4088}.Debug|x64.Deploy.0 = Debug|x64
		{DF60E11E-00AB-4BDD-BBBA-BCBFAE7D4088}.Debug|x86.ActiveCfg = Debug|Win32
		{DF60E11E-00AB-4BDD-BBBA-BCBFAE7D4088}.Debug|x86.Build.0 = Debug|Win32
		{DF60E11E-00AB-4BDD-BBBA-BCBFAE7D4088}.Debug|x86.Deploy.0 = Debug|Win32
		{DF60E11E-00AB-4BDD-BBBA-BCBFAE7D4088}.Release|ARM.ActiveCfg = Release|ARM
		{DF60E11E-00AB-4BDD-BBBA-BCBFAE7D4088}.Release|ARM.Build.0 = Release|ARM
		{DF60E11E-00AB-4BDD-BBBA-BCBFAE7D4088}.Release|ARM.Deploy.0 = Release|ARM
		{DF60E11E-00AB-4BDD-BBBA-BCBFAE7D4088}.Release|ARM64.ActiveCfg = Release|ARM64
		{DF60E11E-00AB-4BDD-BBBA-BCBFAE7D4088}.Release|ARM64.Build.0 = Release|ARM64
		{DF60E11E-00AB-4BDD-BBBA-BCBFAE7D4088}.Release|ARM64.Deploy.0 = Release|ARM64
		{DF60E11E-00AB-4BDD-BBBA-BCBFAE7D4088}.Release|x64.ActiveCfg = Release|x64
		{DF60E11E-00AB-4BDD-BBBA-BCBFAE7D4088}.Release|x64.Build.0 = Release|x64
		{DF60E11E-00AB-4BDD-BBBA-BCBFAE7D4088}.Release|x64.Deploy.0 = Release|x64
		{DF60E11E-00AB-4BDD-BBBA-BCBFAE7D4088}.Release|x86.ActiveCfg = Release|Win32
		{DF60E11E-00AB-4BDD-BBBA-BCBFAE7D4088}.Release|x86.Build.0 = Release|Win32
		{DF60E11E-00AB-4BDD-BBBA-BCBFAE7D4088}.Release|x86.Deploy.0 = Release|Win32
	EndGlobalSection
	GlobalSection(SolutionProperties) = preSolution
		HideSolutionNode = FALSE
	EndGlobalSection
	GlobalSection(ExtensibilityGlobals) = postSolution
		SolutionGuid = {71C24E6B-1A05-4FE3-B42E-E1E009F2A880}
	EndGlobalSection
EndGlobal
