
Microsoft Visual Studio Solution File, Format Version 12.00
# Visual Studio Version 17
VisualStudioVersion = 17.2.32519.379
MinimumVisualStudioVersion = 10.0.40219.1
Project("{8BC9CEB8-8B4A-11D0-8D11-00A0C91BC942}") = "LLVMWindowsDriverTest", "LLVMWindowsDriverTest\LLVMWindowsDriverTest.vcxproj", "{DF60E11E-00AB-4BDD-BBBA-BCBFAE7D4088}"
EndProject
Global
	GlobalSection(SolutionConfigurationPlatforms) = preSolution
		Release|ARM64 = Release|ARM64
		Release|x64 = Release|x64
	EndGlobalSection
	GlobalSection(ProjectConfigurationPlatforms) = postSolution
		{DF60E11E-00AB-4BDD-BBBA-BCBFAE7D4088}.Release|ARM64.ActiveCfg = Release|ARM64
		{DF60E11E-00AB-4BDD-BBBA-BCBFAE7D4088}.Release|ARM64.Build.0 = Release|ARM64
		{DF60E11E-00AB-4BDD-BBBA-BCBFAE7D4088}.Release|ARM64.Deploy.0 = Release|ARM64
		{DF60E11E-00AB-4BDD-BBBA-BCBFAE7D4088}.Release|x64.ActiveCfg = Release|x64
		{DF60E11E-00AB-4BDD-BBBA-BCBFAE7D4088}.Release|x64.Build.0 = Release|x64
		{DF60E11E-00AB-4BDD-BBBA-BCBFAE7D4088}.Release|x64.Deploy.0 = Release|x64
	EndGlobalSection
	GlobalSection(SolutionProperties) = preSolution
		HideSolutionNode = FALSE
	EndGlobalSection
	GlobalSection(ExtensibilityGlobals) = postSolution
		SolutionGuid = {71C24E6B-1A05-4FE3-B42E-E1E009F2A880}
	EndGlobalSection
EndGlobal
